
Microsoft Visual Studio Solution File, Format Version 12.00
# Visual Studio Version 16
VisualStudioVersion = 16.0.30517.126
MinimumVisualStudioVersion = 15.0.26124.0
Project("{2150E333-8FDC-42A3-9474-1A3956D46DE8}") = "src", "src", "{86F8481C-B8E3-49BC-87C0-B0D59DEAD1B7}"
EndProject
Project("{9A19103F-16F7-4668-BE54-9A1E7A4F7556}") = "IdentityServer", "src\IdentityServer\IdentityServer.csproj", "{11390DCC-5168-40D3-BBEF-536F036AB6C2}"
EndProject
Project("{9A19103F-16F7-4668-BE54-9A1E7A4F7556}") = "Api", "src\Api\Api.csproj", "{A5271421-7A43-4B1E-AE21-2E50DBFB44F8}"
EndProject
Project("{9A19103F-16F7-4668-BE54-9A1E7A4F7556}") = "Client", "src\Client\Client.csproj", "{15F37826-3270-47F3-889F-0E8038E3813C}"
EndProject
Project("{9A19103F-16F7-4668-BE54-9A1E7A4F7556}") = "MvcClient", "src\MvcClient\MvcClient.csproj", "{7B94D316-87A0-4EAC-B4B0-284111B9ADCE}"
EndProject
Project("{9A19103F-16F7-4668-BE54-9A1E7A4F7556}") = "JavaScriptClient", "src\JavaScriptClient\JavaScriptClient.csproj", "{AC065F5F-58FA-4D50-BA6A-5EE0D1F24F63}"
EndProject
Project("{9A19103F-16F7-4668-BE54-9A1E7A4F7556}") = "IdentityServerAspNetIdentity", "src\IdentityServerAspNetIdentity\IdentityServerAspNetIdentity.csproj", "{95010113-FF0C-4AAC-94D5-ABD460B3A8D6}"
EndProject
Global
	GlobalSection(SolutionConfigurationPlatforms) = preSolution
		Debug|Any CPU = Debug|Any CPU
		Debug|x64 = Debug|x64
		Debug|x86 = Debug|x86
		Release|Any CPU = Release|Any CPU
		Release|x64 = Release|x64
		Release|x86 = Release|x86
	EndGlobalSection
	GlobalSection(ProjectConfigurationPlatforms) = postSolution
		{11390DCC-5168-40D3-BBEF-536F036AB6C2}.Debug|Any CPU.ActiveCfg = Debug|Any CPU
		{11390DCC-5168-40D3-BBEF-536F036AB6C2}.Debug|Any CPU.Build.0 = Debug|Any CPU
		{11390DCC-5168-40D3-BBEF-536F036AB6C2}.Debug|x64.ActiveCfg = Debug|Any CPU
		{11390DCC-5168-40D3-BBEF-536F036AB6C2}.Debug|x64.Build.0 = Debug|Any CPU
		{11390DCC-5168-40D3-BBEF-536F036AB6C2}.Debug|x86.ActiveCfg = Debug|Any CPU
		{11390DCC-5168-40D3-BBEF-536F036AB6C2}.Debug|x86.Build.0 = Debug|Any CPU
		{11390DCC-5168-40D3-BBEF-536F036AB6C2}.Release|Any CPU.ActiveCfg = Release|Any CPU
		{11390DCC-5168-40D3-BBEF-536F036AB6C2}.Release|Any CPU.Build.0 = Release|Any CPU
		{11390DCC-5168-40D3-BBEF-536F036AB6C2}.Release|x64.ActiveCfg = Release|Any CPU
		{11390DCC-5168-40D3-BBEF-536F036AB6C2}.Release|x64.Build.0 = Release|Any CPU
		{11390DCC-5168-40D3-BBEF-536F036AB6C2}.Release|x86.ActiveCfg = Release|Any CPU
		{11390DCC-5168-40D3-BBEF-536F036AB6C2}.Release|x86.Build.0 = Release|Any CPU
		{A5271421-7A43-4B1E-AE21-2E50DBFB44F8}.Debug|Any CPU.ActiveCfg = Debug|Any CPU
		{A5271421-7A43-4B1E-AE21-2E50DBFB44F8}.Debug|Any CPU.Build.0 = Debug|Any CPU
		{A5271421-7A43-4B1E-AE21-2E50DBFB44F8}.Debug|x64.ActiveCfg = Debug|Any CPU
		{A5271421-7A43-4B1E-AE21-2E50DBFB44F8}.Debug|x64.Build.0 = Debug|Any CPU
		{A5271421-7A43-4B1E-AE21-2E50DBFB44F8}.Debug|x86.ActiveCfg = Debug|Any CPU
		{A5271421-7A43-4B1E-AE21-2E50DBFB44F8}.Debug|x86.Build.0 = Debug|Any CPU
		{A5271421-7A43-4B1E-AE21-2E50DBFB44F8}.Release|Any CPU.ActiveCfg = Release|Any CPU
		{A5271421-7A43-4B1E-AE21-2E50DBFB44F8}.Release|Any CPU.Build.0 = Release|Any CPU
		{A5271421-7A43-4B1E-AE21-2E50DBFB44F8}.Release|x64.ActiveCfg = Release|Any CPU
		{A5271421-7A43-4B1E-AE21-2E50DBFB44F8}.Release|x64.Build.0 = Release|Any CPU
		{A5271421-7A43-4B1E-AE21-2E50DBFB44F8}.Release|x86.ActiveCfg = Release|Any CPU
		{A5271421-7A43-4B1E-AE21-2E50DBFB44F8}.Release|x86.Build.0 = Release|Any CPU
		{15F37826-3270-47F3-889F-0E8038E3813C}.Debug|Any CPU.ActiveCfg = Debug|Any CPU
		{15F37826-3270-47F3-889F-0E8038E3813C}.Debug|Any CPU.Build.0 = Debug|Any CPU
		{15F37826-3270-47F3-889F-0E8038E3813C}.Debug|x64.ActiveCfg = Debug|Any CPU
		{15F37826-3270-47F3-889F-0E8038E3813C}.Debug|x64.Build.0 = Debug|Any CPU
		{15F37826-3270-47F3-889F-0E8038E3813C}.Debug|x86.ActiveCfg = Debug|Any CPU
		{15F37826-3270-47F3-889F-0E8038E3813C}.Debug|x86.Build.0 = Debug|Any CPU
		{15F37826-3270-47F3-889F-0E8038E3813C}.Release|Any CPU.ActiveCfg = Release|Any CPU
		{15F37826-3270-47F3-889F-0E8038E3813C}.Release|Any CPU.Build.0 = Release|Any CPU
		{15F37826-3270-47F3-889F-0E8038E3813C}.Release|x64.ActiveCfg = Release|Any CPU
		{15F37826-3270-47F3-889F-0E8038E3813C}.Release|x64.Build.0 = Release|Any CPU
		{15F37826-3270-47F3-889F-0E8038E3813C}.Release|x86.ActiveCfg = Release|Any CPU
		{15F37826-3270-47F3-889F-0E8038E3813C}.Release|x86.Build.0 = Release|Any CPU
		{7B94D316-87A0-4EAC-B4B0-284111B9ADCE}.Debug|Any CPU.ActiveCfg = Debug|Any CPU
		{7B94D316-87A0-4EAC-B4B0-284111B9ADCE}.Debug|Any CPU.Build.0 = Debug|Any CPU
		{7B94D316-87A0-4EAC-B4B0-284111B9ADCE}.Debug|x64.ActiveCfg = Debug|Any CPU
		{7B94D316-87A0-4EAC-B4B0-284111B9ADCE}.Debug|x64.Build.0 = Debug|Any CPU
		{7B94D316-87A0-4EAC-B4B0-284111B9ADCE}.Debug|x86.ActiveCfg = Debug|Any CPU
		{7B94D316-87A0-4EAC-B4B0-284111B9ADCE}.Debug|x86.Build.0 = Debug|Any CPU
		{7B94D316-87A0-4EAC-B4B0-284111B9ADCE}.Release|Any CPU.ActiveCfg = Release|Any CPU
		{7B94D316-87A0-4EAC-B4B0-284111B9ADCE}.Release|Any CPU.Build.0 = Release|Any CPU
		{7B94D316-87A0-4EAC-B4B0-284111B9ADCE}.Release|x64.ActiveCfg = Release|Any CPU
		{7B94D316-87A0-4EAC-B4B0-284111B9ADCE}.Release|x64.Build.0 = Release|Any CPU
		{7B94D316-87A0-4EAC-B4B0-284111B9ADCE}.Release|x86.ActiveCfg = Release|Any CPU
		{7B94D316-87A0-4EAC-B4B0-284111B9ADCE}.Release|x86.Build.0 = Release|Any CPU
		{AC065F5F-58FA-4D50-BA6A-5EE0D1F24F63}.Debug|Any CPU.ActiveCfg = Debug|Any CPU
		{AC065F5F-58FA-4D50-BA6A-5EE0D1F24F63}.Debug|Any CPU.Build.0 = Debug|Any CPU
		{AC065F5F-58FA-4D50-BA6A-5EE0D1F24F63}.Debug|x64.ActiveCfg = Debug|Any CPU
		{AC065F5F-58FA-4D50-BA6A-5EE0D1F24F63}.Debug|x64.Build.0 = Debug|Any CPU
		{AC065F5F-58FA-4D50-BA6A-5EE0D1F24F63}.Debug|x86.ActiveCfg = Debug|Any CPU
		{AC065F5F-58FA-4D50-BA6A-5EE0D1F24F63}.Debug|x86.Build.0 = Debug|Any CPU
		{AC065F5F-58FA-4D50-BA6A-5EE0D1F24F63}.Release|Any CPU.ActiveCfg = Release|Any CPU
		{AC065F5F-58FA-4D50-BA6A-5EE0D1F24F63}.Release|Any CPU.Build.0 = Release|Any CPU
		{AC065F5F-58FA-4D50-BA6A-5EE0D1F24F63}.Release|x64.ActiveCfg = Release|Any CPU
		{AC065F5F-58FA-4D50-BA6A-5EE0D1F24F63}.Release|x64.Build.0 = Release|Any CPU
		{AC065F5F-58FA-4D50-BA6A-5EE0D1F24F63}.Release|x86.ActiveCfg = Release|Any CPU
		{AC065F5F-58FA-4D50-BA6A-5EE0D1F24F63}.Release|x86.Build.0 = Release|Any CPU
		{95010113-FF0C-4AAC-94D5-ABD460B3A8D6}.Debug|Any CPU.ActiveCfg = Debug|Any CPU
		{95010113-FF0C-4AAC-94D5-ABD460B3A8D6}.Debug|Any CPU.Build.0 = Debug|Any CPU
		{95010113-FF0C-4AAC-94D5-ABD460B3A8D6}.Debug|x64.ActiveCfg = Debug|Any CPU
		{95010113-FF0C-4AAC-94D5-ABD460B3A8D6}.Debug|x64.Build.0 = Debug|Any CPU
		{95010113-FF0C-4AAC-94D5-ABD460B3A8D6}.Debug|x86.ActiveCfg = Debug|Any CPU
		{95010113-FF0C-4AAC-94D5-ABD460B3A8D6}.Debug|x86.Build.0 = Debug|Any CPU
		{95010113-FF0C-4AAC-94D5-ABD460B3A8D6}.Release|Any CPU.ActiveCfg = Release|Any CPU
		{95010113-FF0C-4AAC-94D5-ABD460B3A8D6}.Release|Any CPU.Build.0 = Release|Any CPU
		{95010113-FF0C-4AAC-94D5-ABD460B3A8D6}.Release|x64.ActiveCfg = Release|Any CPU
		{95010113-FF0C-4AAC-94D5-ABD460B3A8D6}.Release|x64.Build.0 = Release|Any CPU
		{95010113-FF0C-4AAC-94D5-ABD460B3A8D6}.Release|x86.ActiveCfg = Release|Any CPU
		{95010113-FF0C-4AAC-94D5-ABD460B3A8D6}.Release|x86.Build.0 = Release|Any CPU
	EndGlobalSection
	GlobalSection(SolutionProperties) = preSolution
		HideSolutionNode = FALSE
	EndGlobalSection
	GlobalSection(NestedProjects) = preSolution
		{11390DCC-5168-40D3-BBEF-536F036AB6C2} = {86F8481C-B8E3-49BC-87C0-B0D59DEAD1B7}
		{A5271421-7A43-4B1E-AE21-2E50DBFB44F8} = {86F8481C-B8E3-49BC-87C0-B0D59DEAD1B7}
		{15F37826-3270-47F3-889F-0E8038E3813C} = {86F8481C-B8E3-49BC-87C0-B0D59DEAD1B7}
		{7B94D316-87A0-4EAC-B4B0-284111B9ADCE} = {86F8481C-B8E3-49BC-87C0-B0D59DEAD1B7}
		{AC065F5F-58FA-4D50-BA6A-5EE0D1F24F63} = {86F8481C-B8E3-49BC-87C0-B0D59DEAD1B7}
		{95010113-FF0C-4AAC-94D5-ABD460B3A8D6} = {86F8481C-B8E3-49BC-87C0-B0D59DEAD1B7}
	EndGlobalSection
	GlobalSection(ExtensibilityGlobals) = postSolution
		SolutionGuid = {9E2161EA-FABB-4D36-9EDC-49E3570C6A83}
	EndGlobalSection
EndGlobal
